
Microsoft Visual Studio Solution File, Format Version 12.00
# Visual Studio 15
Project("{FAE04EC0-301F-11D3-BF4B-00C04F79EFBC}") = "Assembly-CSharp", "Assembly-CSharp.csproj", "{66AD17FC-20D4-47B1-5407-6B90332A3F94}"
EndProject
Project("{FAE04EC0-301F-11D3-BF4B-00C04F79EFBC}") = "Assembly-CSharp-firstpass", "Assembly-CSharp-firstpass.csproj", "{7FEDF9FA-E0C0-3B5A-2308-289711E140E3}"
EndProject
Project("{FAE04EC0-301F-11D3-BF4B-00C04F79EFBC}") = "Assembly-CSharp-Editor", "Assembly-CSharp-Editor.csproj", "{B7ABC742-6142-D494-4811-77D72BF3EFFA}"
EndProject
Project("{FAE04EC0-301F-11D3-BF4B-00C04F79EFBC}") = "Assembly-CSharp-Editor-firstpass", "Assembly-CSharp-Editor-firstpass.csproj", "{E174E5A1-C6DA-47B5-8C96-AE637DF4580A}"
EndProject
Global
	GlobalSection(SolutionConfigurationPlatforms) = preSolution
		Debug|Any CPU = Debug|Any CPU
		Release|Any CPU = Release|Any CPU
	EndGlobalSection
	GlobalSection(ProjectConfigurationPlatforms) = postSolution
		{66AD17FC-20D4-47B1-5407-6B90332A3F94}.Debug|Any CPU.ActiveCfg = Debug|Any CPU
		{66AD17FC-20D4-47B1-5407-6B90332A3F94}.Debug|Any CPU.Build.0 = Debug|Any CPU
		{66AD17FC-20D4-47B1-5407-6B90332A3F94}.Release|Any CPU.ActiveCfg = Release|Any CPU
		{66AD17FC-20D4-47B1-5407-6B90332A3F94}.Release|Any CPU.Build.0 = Release|Any CPU
		{7FEDF9FA-E0C0-3B5A-2308-289711E140E3}.Debug|Any CPU.ActiveCfg = Debug|Any CPU
		{7FEDF9FA-E0C0-3B5A-2308-289711E140E3}.Debug|Any CPU.Build.0 = Debug|Any CPU
		{7FEDF9FA-E0C0-3B5A-2308-289711E140E3}.Release|Any CPU.ActiveCfg = Release|Any CPU
		{7FEDF9FA-E0C0-3B5A-2308-289711E140E3}.Release|Any CPU.Build.0 = Release|Any CPU
		{B7ABC742-6142-D494-4811-77D72BF3EFFA}.Debug|Any CPU.ActiveCfg = Debug|Any CPU
		{B7ABC742-6142-D494-4811-77D72BF3EFFA}.Debug|Any CPU.Build.0 = Debug|Any CPU
		{B7ABC742-6142-D494-4811-77D72BF3EFFA}.Release|Any CPU.ActiveCfg = Release|Any CPU
		{B7ABC742-6142-D494-4811-77D72BF3EFFA}.Release|Any CPU.Build.0 = Release|Any CPU
		{E174E5A1-C6DA-47B5-8C96-AE637DF4580A}.Debug|Any CPU.ActiveCfg = Debug|Any CPU
		{E174E5A1-C6DA-47B5-8C96-AE637DF4580A}.Debug|Any CPU.Build.0 = Debug|Any CPU
		{E174E5A1-C6DA-47B5-8C96-AE637DF4580A}.Release|Any CPU.ActiveCfg = Release|Any CPU
		{E174E5A1-C6DA-47B5-8C96-AE637DF4580A}.Release|Any CPU.Build.0 = Release|Any CPU
	EndGlobalSection
	GlobalSection(SolutionProperties) = preSolution
		HideSolutionNode = FALSE
	EndGlobalSection
EndGlobal
